
Microsoft Visual Studio Solution File, Format Version 12.00
# Visual Studio Version 17
VisualStudioVersion = 17.4.33213.308
MinimumVisualStudioVersion = 10.0.40219.1
Project("{8BC9CEB8-8B4A-11D0-8D11-00A0C91BC942}") = "MadLibs", "MadLibs\MadLibs.vcxproj", "{FBE9567E-8F03-464E-964B-356AA06FBD34}"
EndProject
Global
	GlobalSection(SolutionConfigurationPlatforms) = preSolution
		Debug|x64 = Debug|x64
		Debug|x86 = Debug|x86
		Release|x64 = Release|x64
		Release|x86 = Release|x86
	EndGlobalSection
	GlobalSection(ProjectConfigurationPlatforms) = postSolution
		{FBE9567E-8F03-464E-964B-356AA06FBD34}.Debug|x64.ActiveCfg = Debug|x64
		{FBE9567E-8F03-464E-964B-356AA06FBD34}.Debug|x64.Build.0 = Debug|x64
		{FBE9567E-8F03-464E-964B-356AA06FBD34}.Debug|x86.ActiveCfg = Debug|Win32
		{FBE9567E-8F03-464E-964B-356AA06FBD34}.Debug|x86.Build.0 = Debug|Win32
		{FBE9567E-8F03-464E-964B-356AA06FBD34}.Release|x64.ActiveCfg = Release|x64
		{FBE9567E-8F03-464E-964B-356AA06FBD34}.Release|x64.Build.0 = Release|x64
		{FBE9567E-8F03-464E-964B-356AA06FBD34}.Release|x86.ActiveCfg = Release|Win32
		{FBE9567E-8F03-464E-964B-356AA06FBD34}.Release|x86.Build.0 = Release|Win32
	EndGlobalSection
	GlobalSection(SolutionProperties) = preSolution
		HideSolutionNode = FALSE
	EndGlobalSection
	GlobalSection(ExtensibilityGlobals) = postSolution
		SolutionGuid = {7C3925BA-8FC7-4D44-AAE2-831DBB046E94}
	EndGlobalSection
EndGlobal
